
Microsoft Visual Studio Solution File, Format Version 12.00
# Visual Studio Version 16
VisualStudioVersion = 16.0.31321.278
MinimumVisualStudioVersion = 10.0.40219.1
Project("{2150E333-8FDC-42A3-9474-1A3956D46DE8}") = "src", "src", "{2C970413-BC17-4A85-9938-F0B9AB1B0A32}"
EndProject
Project("{00D1A9C2-B5F0-4AF3-8072-F6C62B433612}") = "CustomerLibrary.Database", "src\CustomerLibrary.Database\CustomerLibrary.Database.sqlproj", "{E50CEA56-6297-43F1-9E26-150DF97C8420}"
EndProject
Global
	GlobalSection(SolutionConfigurationPlatforms) = preSolution
		Debug|Any CPU = Debug|Any CPU
		Release|Any CPU = Release|Any CPU
	EndGlobalSection
	GlobalSection(ProjectConfigurationPlatforms) = postSolution
		{E50CEA56-6297-43F1-9E26-150DF97C8420}.Debug|Any CPU.ActiveCfg = Debug|Any CPU
		{E50CEA56-6297-43F1-9E26-150DF97C8420}.Debug|Any CPU.Build.0 = Debug|Any CPU
		{E50CEA56-6297-43F1-9E26-150DF97C8420}.Debug|Any CPU.Deploy.0 = Debug|Any CPU
		{E50CEA56-6297-43F1-9E26-150DF97C8420}.Release|Any CPU.ActiveCfg = Release|Any CPU
		{E50CEA56-6297-43F1-9E26-150DF97C8420}.Release|Any CPU.Build.0 = Release|Any CPU
		{E50CEA56-6297-43F1-9E26-150DF97C8420}.Release|Any CPU.Deploy.0 = Release|Any CPU
	EndGlobalSection
	GlobalSection(SolutionProperties) = preSolution
		HideSolutionNode = FALSE
	EndGlobalSection
	GlobalSection(NestedProjects) = preSolution
		{E50CEA56-6297-43F1-9E26-150DF97C8420} = {2C970413-BC17-4A85-9938-F0B9AB1B0A32}
	EndGlobalSection
	GlobalSection(ExtensibilityGlobals) = postSolution
		SolutionGuid = {C3673619-B1EC-44E3-9A2A-2BE64A6A4DCA}
	EndGlobalSection
EndGlobal
